
Microsoft Visual Studio Solution File, Format Version 12.00
# Visual Studio Version 17
VisualStudioVersion = 17.14.36518.9 d17.14
MinimumVisualStudioVersion = 10.0.40219.1
Project("{FAE04EC0-301F-11D3-BF4B-00C04F79EFBC}") = "Travail", "Travail\Travail.csproj", "{A199B74B-0DEF-4F44-93B2-923BC1C37B28}"
EndProject
Global
	GlobalSection(SolutionConfigurationPlatforms) = preSolution
		Debug|Any CPU = Debug|Any CPU
		Release|Any CPU = Release|Any CPU
	EndGlobalSection
	GlobalSection(ProjectConfigurationPlatforms) = postSolution
		{A199B74B-0DEF-4F44-93B2-923BC1C37B28}.Debug|Any CPU.ActiveCfg = Debug|Any CPU
		{A199B74B-0DEF-4F44-93B2-923BC1C37B28}.Debug|Any CPU.Build.0 = Debug|Any CPU
		{A199B74B-0DEF-4F44-93B2-923BC1C37B28}.Release|Any CPU.ActiveCfg = Release|Any CPU
		{A199B74B-0DEF-4F44-93B2-923BC1C37B28}.Release|Any CPU.Build.0 = Release|Any CPU
	EndGlobalSection
	GlobalSection(SolutionProperties) = preSolution
		HideSolutionNode = FALSE
	EndGlobalSection
	GlobalSection(ExtensibilityGlobals) = postSolution
		SolutionGuid = {F345BDBA-192F-4262-B524-FAA7DD9BC840}
	EndGlobalSection
EndGlobal
